{
  "lockfileVersion": 1,
  "configVersion": 1,
  "workspaces": {
    "": {
      "name": "@goodit/evals",
      "devDependencies": {
        "@ai-sdk/openai": ">=1",
        "@types/bun": "^1.2.0",
        "ai": ">=6",
        "autoevals": ">=0.0.100",
        "typescript": "^5.7.0",
      },
      "peerDependencies": {
        "ai": ">=6",
      },
      "optionalPeers": [
        "ai",
      ],
    },
  },
  "packages": {
    "@ai-sdk/gateway": ["@ai-sdk/gateway@3.0.59", "", { "dependencies": { "@ai-sdk/provider": "3.0.8", "@ai-sdk/provider-utils": "4.0.16", "@vercel/oidc": "3.1.0" }, "peerDependencies": { "zod": "^3.25.76 || ^4.1.8" } }, "sha512-MbtheWHgEFV/8HL1Z6E3hOAsmP73zZlNFg0F0nJAD0Adnjp4J/plqNK00Y896d+dWTw+r0OXzyov9/2wCFjH0Q=="],

    "@ai-sdk/openai": ["@ai-sdk/openai@3.0.37", "", { "dependencies": { "@ai-sdk/provider": "3.0.8", "@ai-sdk/provider-utils": "4.0.16" }, "peerDependencies": { "zod": "^3.25.76 || ^4.1.8" } }, "sha512-bcYjT3/58i/C0DN3AnrjiGsAb0kYivZLWWUtgTjsBurHSht/LTEy+w3dw5XQe3FmZwX7Z/mUQCiA3wB/5Kf7ow=="],

    "@ai-sdk/provider": ["@ai-sdk/provider@3.0.8", "", { "dependencies": { "json-schema": "^0.4.0" } }, "sha512-oGMAgGoQdBXbZqNG0Ze56CHjDZ1IDYOwGYxYjO5KLSlz5HiNQ9udIXsPZ61VWaHGZ5XW/jyjmr6t2xz2jGVwbQ=="],

    "@ai-sdk/provider-utils": ["@ai-sdk/provider-utils@4.0.16", "", { "dependencies": { "@ai-sdk/provider": "3.0.8", "@standard-schema/spec": "^1.1.0", "eventsource-parser": "^3.0.6" }, "peerDependencies": { "zod": "^3.25.76 || ^4.1.8" } }, "sha512-kBvDqNkt5EwlzF9FujmNhhtl8FYg3e8FO8P5uneKliqfRThWemzBj+wfYr7ZCymAQhTRnwSSz1/SOqhOAwmx9g=="],

    "@opentelemetry/api": ["@opentelemetry/api@1.9.0", "", {}, "sha512-3giAOQvZiH5F9bMlMiv8+GSPMeqg0dbaeo58/0SlA9sxSqZhnUtxzX9/2FzyhS9sWQf5S0GJE0AKBrFqjpeYcg=="],

    "@standard-schema/spec": ["@standard-schema/spec@1.1.0", "", {}, "sha512-l2aFy5jALhniG5HgqrD6jXLi/rUWrKvqN/qJx6yoJsgKhblVd+iqqU4RCXavm/jPityDo5TCvKMnpjKnOriy0w=="],

    "@types/bun": ["@types/bun@1.3.9", "", { "dependencies": { "bun-types": "1.3.9" } }, "sha512-KQ571yULOdWJiMH+RIWIOZ7B2RXQGpL1YQrBtLIV3FqDcCu6FsbFUBwhdKUlCKUpS3PJDsHlJ1QKlpxoVR+xtw=="],

    "@types/node": ["@types/node@25.3.2", "", { "dependencies": { "undici-types": "~7.18.0" } }, "sha512-RpV6r/ij22zRRdyBPcxDeKAzH43phWVKEjL2iksqo1Vz3CuBUrgmPpPhALKiRfU7OMCmeeO9vECBMsV0hMTG8Q=="],

    "@vercel/oidc": ["@vercel/oidc@3.1.0", "", {}, "sha512-Fw28YZpRnA3cAHHDlkt7xQHiJ0fcL+NRcIqsocZQUSmbzeIKRpwttJjik5ZGanXP+vlA4SbTg+AbA3bP363l+w=="],

    "ai": ["ai@6.0.105", "", { "dependencies": { "@ai-sdk/gateway": "3.0.59", "@ai-sdk/provider": "3.0.8", "@ai-sdk/provider-utils": "4.0.16", "@opentelemetry/api": "1.9.0" }, "peerDependencies": { "zod": "^3.25.76 || ^4.1.8" } }, "sha512-rp+exWtZS3J0DDvZIfetpKCIg7D3cCsvBPoFN3I67IDTs9aoBZDbpecoIkmNLT+U9RBkoEial3OGHRvme23HCw=="],

    "ajv": ["ajv@8.18.0", "", { "dependencies": { "fast-deep-equal": "^3.1.3", "fast-uri": "^3.0.1", "json-schema-traverse": "^1.0.0", "require-from-string": "^2.0.2" } }, "sha512-PlXPeEWMXMZ7sPYOHqmDyCJzcfNrUr3fGNKtezX14ykXOEIvyK81d+qydx89KY5O71FKMPaQ2vBfBFI5NHR63A=="],

    "argparse": ["argparse@2.0.1", "", {}, "sha512-8+9WqebbFzpX9OR+Wa6O29asIogeRMzcGtAINdpMHHyAg10f05aSFVBbcEqGf/PXw1EjAZ+q2/bEBg3DvurK3Q=="],

    "autoevals": ["autoevals@0.0.132", "", { "dependencies": { "ajv": "^8.17.1", "compute-cosine-similarity": "^1.1.0", "js-levenshtein": "^1.1.6", "js-yaml": "^4.1.0", "linear-sum-assignment": "^1.0.7", "mustache": "^4.2.0", "openai": "^6.3.0", "zod": "^3.25.76", "zod-to-json-schema": "^3.24.6" } }, "sha512-x033hXLO1Vyggbv68Y1QeoZlrdKHcNexcutPhVaDhDJ4SO6TU1rG6vME77g/zKvH4VWFVBPDWM1pRbPxAFF+sA=="],

    "binary-search": ["binary-search@1.3.6", "", {}, "sha512-nbE1WxOTTrUWIfsfZ4aHGYu5DOuNkbxGokjV6Z2kxfJK3uaAb8zNK1muzOeipoLHZjInT4Br88BHpzevc681xA=="],

    "bun-types": ["bun-types@1.3.9", "", { "dependencies": { "@types/node": "*" } }, "sha512-+UBWWOakIP4Tswh0Bt0QD0alpTY8cb5hvgiYeWCMet9YukHbzuruIEeXC2D7nMJPB12kbh8C7XJykSexEqGKJg=="],

    "cheminfo-types": ["cheminfo-types@1.10.0", "", {}, "sha512-lDoOWfctAQPQrrhydtdb2vV3S8RDuRNp62lzs/gIjNqMNubhsvqr+hI8XQJSy8X1ZXpGvzIQNGBYy4SVrKQNaQ=="],

    "compute-cosine-similarity": ["compute-cosine-similarity@1.1.0", "", { "dependencies": { "compute-dot": "^1.1.0", "compute-l2norm": "^1.1.0", "validate.io-array": "^1.0.5", "validate.io-function": "^1.0.2" } }, "sha512-FXhNx0ILLjGi9Z9+lglLzM12+0uoTnYkHm7GiadXDAr0HGVLm25OivUS1B/LPkbzzvlcXz/1EvWg9ZYyJSdhTw=="],

    "compute-dot": ["compute-dot@1.1.0", "", { "dependencies": { "validate.io-array": "^1.0.3", "validate.io-function": "^1.0.2" } }, "sha512-L5Ocet4DdMrXboss13K59OK23GXjiSia7+7Ukc7q4Bl+RVpIXK2W9IHMbWDZkh+JUEvJAwOKRaJDiFUa1LTnJg=="],

    "compute-l2norm": ["compute-l2norm@1.1.0", "", { "dependencies": { "validate.io-array": "^1.0.3", "validate.io-function": "^1.0.2" } }, "sha512-6EHh1Elj90eU28SXi+h2PLnTQvZmkkHWySpoFz+WOlVNLz3DQoC4ISUHSV9n5jMxPHtKGJ01F4uu2PsXBB8sSg=="],

    "eventsource-parser": ["eventsource-parser@3.0.6", "", {}, "sha512-Vo1ab+QXPzZ4tCa8SwIHJFaSzy4R6SHf7BY79rFBDf0idraZWAkYrDjDj8uWaSm3S2TK+hJ7/t1CEmZ7jXw+pg=="],

    "fast-deep-equal": ["fast-deep-equal@3.1.3", "", {}, "sha512-f3qQ9oQy9j2AhBe/H9VC91wLmKBCCU/gDOnKNAYG5hswO7BLKj09Hc5HYNz9cGI++xlpDCIgDaitVs03ATR84Q=="],

    "fast-uri": ["fast-uri@3.1.0", "", {}, "sha512-iPeeDKJSWf4IEOasVVrknXpaBV0IApz/gp7S2bb7Z4Lljbl2MGJRqInZiUrQwV16cpzw/D3S5j5Julj/gT52AA=="],

    "fft.js": ["fft.js@4.0.4", "", {}, "sha512-f9c00hphOgeQTlDyavwTtu6RiK8AIFjD6+jvXkNkpeQ7rirK3uFWVpalkoS4LAwbdX7mfZ8aoBfFVQX1Re/8aw=="],

    "is-any-array": ["is-any-array@2.0.1", "", {}, "sha512-UtilS7hLRu++wb/WBAw9bNuP1Eg04Ivn1vERJck8zJthEvXCBEBpGR/33u/xLKWEQf95803oalHrVDptcAvFdQ=="],

    "js-levenshtein": ["js-levenshtein@1.1.6", "", {}, "sha512-X2BB11YZtrRqY4EnQcLX5Rh373zbK4alC1FW7D7MBhL2gtcC17cTnr6DmfHZeS0s2rTHjUTMMHfG7gO8SSdw+g=="],

    "js-yaml": ["js-yaml@4.1.1", "", { "dependencies": { "argparse": "^2.0.1" }, "bin": { "js-yaml": "bin/js-yaml.js" } }, "sha512-qQKT4zQxXl8lLwBtHMWwaTcGfFOZviOJet3Oy/xmGk2gZH677CJM9EvtfdSkgWcATZhj/55JZ0rmy3myCT5lsA=="],

    "json-schema": ["json-schema@0.4.0", "", {}, "sha512-es94M3nTIfsEPisRafak+HDLfHXnKBhV3vU5eqPcS3flIWqcxJWgXHXiey3YrpaNsanY5ei1VoYEbOzijuq9BA=="],

    "json-schema-traverse": ["json-schema-traverse@1.0.0", "", {}, "sha512-NM8/P9n3XjXhIZn1lLhkFaACTOURQXjWhV4BA/RnOv8xvgqtqpAX9IO4mRQxSx1Rlo4tqzeqb0sOlruaOy3dug=="],

    "linear-sum-assignment": ["linear-sum-assignment@1.0.9", "", { "dependencies": { "cheminfo-types": "^1.8.1", "ml-matrix": "^6.12.1", "ml-spectra-processing": "^14.18.0" } }, "sha512-1T2Ek3sxpt2mBHeBFMRJEikiIK/yIOwf+mrxv/DkAU/5ddnCMndZL//hFH7QuHa1tbaQADzsf9t7rkGZKqoFfQ=="],

    "ml-array-max": ["ml-array-max@1.2.4", "", { "dependencies": { "is-any-array": "^2.0.0" } }, "sha512-BlEeg80jI0tW6WaPyGxf5Sa4sqvcyY6lbSn5Vcv44lp1I2GR6AWojfUvLnGTNsIXrZ8uqWmo8VcG1WpkI2ONMQ=="],

    "ml-array-min": ["ml-array-min@1.2.3", "", { "dependencies": { "is-any-array": "^2.0.0" } }, "sha512-VcZ5f3VZ1iihtrGvgfh/q0XlMobG6GQ8FsNyQXD3T+IlstDv85g8kfV0xUG1QPRO/t21aukaJowDzMTc7j5V6Q=="],

    "ml-array-rescale": ["ml-array-rescale@1.3.7", "", { "dependencies": { "is-any-array": "^2.0.0", "ml-array-max": "^1.2.4", "ml-array-min": "^1.2.3" } }, "sha512-48NGChTouvEo9KBctDfHC3udWnQKNKEWN0ziELvY3KG25GR5cA8K8wNVzracsqSW1QEkAXjTNx+ycgAv06/1mQ=="],

    "ml-matrix": ["ml-matrix@6.12.1", "", { "dependencies": { "is-any-array": "^2.0.1", "ml-array-rescale": "^1.3.7" } }, "sha512-TJ+8eOFdp+INvzR4zAuwBQJznDUfktMtOB6g/hUcGh3rcyjxbz4Te57Pgri8Q9bhSQ7Zys4IYOGhFdnlgeB6Lw=="],

    "ml-spectra-processing": ["ml-spectra-processing@14.21.0", "", { "dependencies": { "binary-search": "^1.3.6", "cheminfo-types": "^1.10.0", "fft.js": "^4.0.4", "is-any-array": "^2.0.1", "ml-matrix": "^6.12.1", "ml-xsadd": "^3.0.1" } }, "sha512-bF2hpO/kx1zUTlDoqXk4JIwBz6+lWg6OTVzwx3kNKS45/93OavUWybWAn1GOPoRazmt/VM5xfUXgmywnAtaCkw=="],

    "ml-xsadd": ["ml-xsadd@3.0.1", "", {}, "sha512-Fz2q6dwgzGM8wYKGArTUTZDGa4lQFA2Vi6orjGeTVRy22ZnQFKlJuwS9n8NRviqz1KHAHAzdKJwbnYhdo38uYg=="],

    "mustache": ["mustache@4.2.0", "", { "bin": { "mustache": "bin/mustache" } }, "sha512-71ippSywq5Yb7/tVYyGbkBggbU8H3u5Rz56fH60jGFgr8uHwxs+aSKeqmluIVzM0m0kB7xQjKS6qPfd0b2ZoqQ=="],

    "openai": ["openai@6.25.0", "", { "peerDependencies": { "ws": "^8.18.0", "zod": "^3.25 || ^4.0" }, "optionalPeers": ["ws", "zod"], "bin": { "openai": "bin/cli" } }, "sha512-mEh6VZ2ds2AGGokWARo18aPISI1OhlgdEIC1ewhkZr8pSIT31dec0ecr9Nhxx0JlybyOgoAT1sWeKtwPZzJyww=="],

    "require-from-string": ["require-from-string@2.0.2", "", {}, "sha512-Xf0nWe6RseziFMu+Ap9biiUbmplq6S9/p+7w7YXP/JBHhrUDDUhwa+vANyubuqfZWTveU//DYVGsDG7RKL/vEw=="],

    "typescript": ["typescript@5.9.3", "", { "bin": { "tsc": "bin/tsc", "tsserver": "bin/tsserver" } }, "sha512-jl1vZzPDinLr9eUt3J/t7V6FgNEw9QjvBPdysz9KfQDD41fQrC2Y4vKQdiaUpFT4bXlb1RHhLpp8wtm6M5TgSw=="],

    "undici-types": ["undici-types@7.18.2", "", {}, "sha512-AsuCzffGHJybSaRrmr5eHr81mwJU3kjw6M+uprWvCXiNeN9SOGwQ3Jn8jb8m3Z6izVgknn1R0FTCEAP2QrLY/w=="],

    "validate.io-array": ["validate.io-array@1.0.6", "", {}, "sha512-DeOy7CnPEziggrOO5CZhVKJw6S3Yi7e9e65R1Nl/RTN1vTQKnzjfvks0/8kQ40FP/dsjRAOd4hxmJ7uLa6vxkg=="],

    "validate.io-function": ["validate.io-function@1.0.2", "", {}, "sha512-LlFybRJEriSuBnUhQyG5bwglhh50EpTL2ul23MPIuR1odjO7XaMLFV8vHGwp7AZciFxtYOeiSCT5st+XSPONiQ=="],

    "zod": ["zod@4.3.6", "", {}, "sha512-rftlrkhHZOcjDwkGlnUtZZkvaPHCsDATp4pGpuOOMDaTdDDXF91wuVDJoWoPsKX/3YPQ5fHuF3STjcYyKr+Qhg=="],

    "zod-to-json-schema": ["zod-to-json-schema@3.25.1", "", { "peerDependencies": { "zod": "^3.25 || ^4" } }, "sha512-pM/SU9d3YAggzi6MtR4h7ruuQlqKtad8e9S0fmxcMi+ueAK5Korys/aWcV9LIIHTVbj01NdzxcnXSN+O74ZIVA=="],

    "autoevals/zod": ["zod@3.25.76", "", {}, "sha512-gzUt/qt81nXsFGKIFcC3YnfEAx5NkunCfnDlvuBSSFS02bcXu4Lmea0AFIUwbLWxWPx3d9p8S5QoaujKcNQxcQ=="],
  }
}
